// !$*UTF8*$!
{
	archiveVersion = 1;
	classes = {
	};
	objectVersion = 56;
	objects = {

/* Begin PBXBuildFile section */
		E1301D452AC86BFF00FB6368 /* AppDelegate.swift in Sources */ = {isa = PBXBuildFile; fileRef = E1301D442AC86BFF00FB6368 /* AppDelegate.swift */; };
		E1301D472AC86BFF00FB6368 /* SceneDelegate.swift in Sources */ = {isa = PBXBuildFile; fileRef = E1301D462AC86BFF00FB6368 /* SceneDelegate.swift */; };
		E1301D4E2AC86C0200FB6368 /* Assets.xcassets in Resources */ = {isa = PBXBuildFile; fileRef = E1301D4D2AC86C0200FB6368 /* Assets.xcassets */; };
		E1301D512AC86C0200FB6368 /* LaunchScreen.storyboard in Resources */ = {isa = PBXBuildFile; fileRef = E1301D4F2AC86C0200FB6368 /* LaunchScreen.storyboard */; };
		E1301D612AC86F8E00FB6368 /* ExploreView.swift in Sources */ = {isa = PBXBuildFile; fileRef = E1301D602AC86F8E00FB6368 /* ExploreView.swift */; };
		E1301D632AC86F9E00FB6368 /* ExploreInteractor.swift in Sources */ = {isa = PBXBuildFile; fileRef = E1301D622AC86F9E00FB6368 /* ExploreInteractor.swift */; };
		E1301D652AC86FB700FB6368 /* ExplorePresenter.swift in Sources */ = {isa = PBXBuildFile; fileRef = E1301D642AC86FB700FB6368 /* ExplorePresenter.swift */; };
		E1301D672AC86FC300FB6368 /* ExploreEntity.swift in Sources */ = {isa = PBXBuildFile; fileRef = E1301D662AC86FC300FB6368 /* ExploreEntity.swift */; };
		E175612F2AD1AF0600442245 /* CoinDetailView.swift in Sources */ = {isa = PBXBuildFile; fileRef = E175612E2AD1AF0600442245 /* CoinDetailView.swift */; };
		E17561312AD1AF2900442245 /* NftDetailView.swift in Sources */ = {isa = PBXBuildFile; fileRef = E17561302AD1AF2900442245 /* NftDetailView.swift */; };
		E17FB0662AC874290027A9BC /* ExploreRouter.swift in Sources */ = {isa = PBXBuildFile; fileRef = E17FB0652AC874290027A9BC /* ExploreRouter.swift */; };
		E19065722ACAD3E800E2DA31 /* ExploreTableViewCell.swift in Sources */ = {isa = PBXBuildFile; fileRef = E19065712ACAD3E800E2DA31 /* ExploreTableViewCell.swift */; };
		E19AE84A2AC9928100006B6B /* APICaller.swift in Sources */ = {isa = PBXBuildFile; fileRef = E19AE8492AC9928100006B6B /* APICaller.swift */; };
		E1ECA3BA2ACCAA40003E261D /* SDWebImage in Frameworks */ = {isa = PBXBuildFile; productRef = E1ECA3B92ACCAA40003E261D /* SDWebImage */; };
		E1ECA3BC2ACCAA40003E261D /* SDWebImageMapKit in Frameworks */ = {isa = PBXBuildFile; productRef = E1ECA3BB2ACCAA40003E261D /* SDWebImageMapKit */; };
/* End PBXBuildFile section */

/* Begin PBXFileReference section */
		E1301D412AC86BFF00FB6368 /* CoinTrack.app */ = {isa = PBXFileReference; explicitFileType = wrapper.application; includeInIndex = 0; path = CoinTrack.app; sourceTree = BUILT_PRODUCTS_DIR; };
		E1301D442AC86BFF00FB6368 /* AppDelegate.swift */ = {isa = PBXFileReference; lastKnownFileType = sourcecode.swift; path = AppDelegate.swift; sourceTree = "<group>"; };
		E1301D462AC86BFF00FB6368 /* SceneDelegate.swift */ = {isa = PBXFileReference; lastKnownFileType = sourcecode.swift; path = SceneDelegate.swift; sourceTree = "<group>"; };
		E1301D4D2AC86C0200FB6368 /* Assets.xcassets */ = {isa = PBXFileReference; lastKnownFileType = folder.assetcatalog; path = Assets.xcassets; sourceTree = "<group>"; };
		E1301D502AC86C0200FB6368 /* Base */ = {isa = PBXFileReference; lastKnownFileType = file.storyboard; name = Base; path = Base.lproj/LaunchScreen.storyboard; sourceTree = "<group>"; };
		E1301D522AC86C0200FB6368 /* Info.plist */ = {isa = PBXFileReference; lastKnownFileType = text.plist.xml; path = Info.plist; sourceTree = "<group>"; };
		E1301D602AC86F8E00FB6368 /* ExploreView.swift */ = {isa = PBXFileReference; lastKnownFileType = sourcecode.swift; path = ExploreView.swift; sourceTree = "<group>"; };
		E1301D622AC86F9E00FB6368 /* ExploreInteractor.swift */ = {isa = PBXFileReference; lastKnownFileType = sourcecode.swift; path = ExploreInteractor.swift; sourceTree = "<group>"; };
		E1301D642AC86FB700FB6368 /* ExplorePresenter.swift */ = {isa = PBXFileReference; lastKnownFileType = sourcecode.swift; path = ExplorePresenter.swift; sourceTree = "<group>"; };
		E1301D662AC86FC300FB6368 /* ExploreEntity.swift */ = {isa = PBXFileReference; lastKnownFileType = sourcecode.swift; path = ExploreEntity.swift; sourceTree = "<group>"; };
		E175612E2AD1AF0600442245 /* CoinDetailView.swift */ = {isa = PBXFileReference; lastKnownFileType = sourcecode.swift; path = CoinDetailView.swift; sourceTree = "<group>"; };
		E17561302AD1AF2900442245 /* NftDetailView.swift */ = {isa = PBXFileReference; lastKnownFileType = sourcecode.swift; path = NftDetailView.swift; sourceTree = "<group>"; };
		E17FB0652AC874290027A9BC /* ExploreRouter.swift */ = {isa = PBXFileReference; lastKnownFileType = sourcecode.swift; path = ExploreRouter.swift; sourceTree = "<group>"; };
		E19065712ACAD3E800E2DA31 /* ExploreTableViewCell.swift */ = {isa = PBXFileReference; lastKnownFileType = sourcecode.swift; path = ExploreTableViewCell.swift; sourceTree = "<group>"; };
		E19AE8492AC9928100006B6B /* APICaller.swift */ = {isa = PBXFileReference; lastKnownFileType = sourcecode.swift; path = APICaller.swift; sourceTree = "<group>"; };
/* End PBXFileReference section */

/* Begin PBXFrameworksBuildPhase section */
		E1301D3E2AC86BFF00FB6368 /* Frameworks */ = {
			isa = PBXFrameworksBuildPhase;
			buildActionMask = 2147483647;
			files = (
				E1ECA3BC2ACCAA40003E261D /* SDWebImageMapKit in Frameworks */,
				E1ECA3BA2ACCAA40003E261D /* SDWebImage in Frameworks */,
			);
			runOnlyForDeploymentPostprocessing = 0;
		};
/* End PBXFrameworksBuildPhase section */

/* Begin PBXGroup section */
		E1301D382AC86BFF00FB6368 = {
			isa = PBXGroup;
			children = (
				E1301D432AC86BFF00FB6368 /* CoinTrack */,
				E17FB0642AC8741A0027A9BC /* Router */,
				E1301D422AC86BFF00FB6368 /* Products */,
			);
			sourceTree = "<group>";
		};
		E1301D422AC86BFF00FB6368 /* Products */ = {
			isa = PBXGroup;
			children = (
				E1301D412AC86BFF00FB6368 /* CoinTrack.app */,
			);
			name = Products;
			sourceTree = "<group>";
		};
		E1301D432AC86BFF00FB6368 /* CoinTrack */ = {
			isa = PBXGroup;
			children = (
				E1301D442AC86BFF00FB6368 /* AppDelegate.swift */,
				E1301D462AC86BFF00FB6368 /* SceneDelegate.swift */,
				E1301D4D2AC86C0200FB6368 /* Assets.xcassets */,
				E1301D522AC86C0200FB6368 /* Info.plist */,
				E1301D4F2AC86C0200FB6368 /* LaunchScreen.storyboard */,
				E1301D5D2AC86F3B00FB6368 /* Managers */,
				E1301D582AC86C5D00FB6368 /* View */,
				E1301D592AC86C6300FB6368 /* Interactor */,
				E1301D5A2AC86C9200FB6368 /* Presenter */,
				E1301D5B2AC86C9E00FB6368 /* Entity */,
			);
			path = CoinTrack;
			sourceTree = "<group>";
		};
		E1301D582AC86C5D00FB6368 /* View */ = {
			isa = PBXGroup;
			children = (
				E1301D602AC86F8E00FB6368 /* ExploreView.swift */,
				E175612E2AD1AF0600442245 /* CoinDetailView.swift */,
				E17561302AD1AF2900442245 /* NftDetailView.swift */,
				E19065712ACAD3E800E2DA31 /* ExploreTableViewCell.swift */,
			);
			path = View;
			sourceTree = "<group>";
		};
		E1301D592AC86C6300FB6368 /* Interactor */ = {
			isa = PBXGroup;
			children = (
				E1301D622AC86F9E00FB6368 /* ExploreInteractor.swift */,
			);
			path = Interactor;
			sourceTree = "<group>";
		};
		E1301D5A2AC86C9200FB6368 /* Presenter */ = {
			isa = PBXGroup;
			children = (
				E1301D642AC86FB700FB6368 /* ExplorePresenter.swift */,
			);
			path = Presenter;
			sourceTree = "<group>";
		};
		E1301D5B2AC86C9E00FB6368 /* Entity */ = {
			isa = PBXGroup;
			children = (
				E1301D662AC86FC300FB6368 /* ExploreEntity.swift */,
			);
			path = Entity;
			sourceTree = "<group>";
		};
		E1301D5D2AC86F3B00FB6368 /* Managers */ = {
			isa = PBXGroup;
			children = (
				E19AE8492AC9928100006B6B /* APICaller.swift */,
			);
			path = Managers;
			sourceTree = "<group>";
		};
		E17FB0642AC8741A0027A9BC /* Router */ = {
			isa = PBXGroup;
			children = (
				E17FB0652AC874290027A9BC /* ExploreRouter.swift */,
			);
			path = Router;
			sourceTree = "<group>";
		};
/* End PBXGroup section */

/* Begin PBXNativeTarget section */
		E1301D402AC86BFF00FB6368 /* CoinTrack */ = {
			isa = PBXNativeTarget;
			buildConfigurationList = E1301D552AC86C0200FB6368 /* Build configuration list for PBXNativeTarget "CoinTrack" */;
			buildPhases = (
				E1301D3D2AC86BFF00FB6368 /* Sources */,
				E1301D3E2AC86BFF00FB6368 /* Frameworks */,
				E1301D3F2AC86BFF00FB6368 /* Resources */,
			);
			buildRules = (
			);
			dependencies = (
			);
			name = CoinTrack;
			packageProductDependencies = (
				E1ECA3B92ACCAA40003E261D /* SDWebImage */,
				E1ECA3BB2ACCAA40003E261D /* SDWebImageMapKit */,
			);
			productName = CoinTrack;
			productReference = E1301D412AC86BFF00FB6368 /* CoinTrack.app */;
			productType = "com.apple.product-type.application";
		};
/* End PBXNativeTarget section */

/* Begin PBXProject section */
		E1301D392AC86BFF00FB6368 /* Project object */ = {
			isa = PBXProject;
			attributes = {
				BuildIndependentTargetsInParallel = 1;
				LastSwiftUpdateCheck = 1500;
				LastUpgradeCheck = 1500;
				TargetAttributes = {
					E1301D402AC86BFF00FB6368 = {
						CreatedOnToolsVersion = 15.0;
					};
				};
			};
			buildConfigurationList = E1301D3C2AC86BFF00FB6368 /* Build configuration list for PBXProject "CoinTrack" */;
			compatibilityVersion = "Xcode 14.0";
			developmentRegion = en;
			hasScannedForEncodings = 0;
			knownRegions = (
				en,
				Base,
			);
			mainGroup = E1301D382AC86BFF00FB6368;
			packageReferences = (
				E1ECA3B82ACCAA40003E261D /* XCRemoteSwiftPackageReference "SDWebImage" */,
			);
			productRefGroup = E1301D422AC86BFF00FB6368 /* Products */;
			projectDirPath = "";
			projectRoot = "";
			targets = (
				E1301D402AC86BFF00FB6368 /* CoinTrack */,
			);
		};
/* End PBXProject section */

/* Begin PBXResourcesBuildPhase section */
		E1301D3F2AC86BFF00FB6368 /* Resources */ = {
			isa = PBXResourcesBuildPhase;
			buildActionMask = 2147483647;
			files = (
				E1301D512AC86C0200FB6368 /* LaunchScreen.storyboard in Resources */,
				E1301D4E2AC86C0200FB6368 /* Assets.xcassets in Resources */,
			);
			runOnlyForDeploymentPostprocessing = 0;
		};
/* End PBXResourcesBuildPhase section */

/* Begin PBXSourcesBuildPhase section */
		E1301D3D2AC86BFF00FB6368 /* Sources */ = {
			isa = PBXSourcesBuildPhase;
			buildActionMask = 2147483647;
			files = (
				E17561312AD1AF2900442245 /* NftDetailView.swift in Sources */,
				E1301D672AC86FC300FB6368 /* ExploreEntity.swift in Sources */,
				E1301D632AC86F9E00FB6368 /* ExploreInteractor.swift in Sources */,
				E1301D652AC86FB700FB6368 /* ExplorePresenter.swift in Sources */,
				E19065722ACAD3E800E2DA31 /* ExploreTableViewCell.swift in Sources */,
				E17FB0662AC874290027A9BC /* ExploreRouter.swift in Sources */,
				E1301D452AC86BFF00FB6368 /* AppDelegate.swift in Sources */,
				E1301D612AC86F8E00FB6368 /* ExploreView.swift in Sources */,
				E1301D472AC86BFF00FB6368 /* SceneDelegate.swift in Sources */,
				E175612F2AD1AF0600442245 /* CoinDetailView.swift in Sources */,
				E19AE84A2AC9928100006B6B /* APICaller.swift in Sources */,
			);
			runOnlyForDeploymentPostprocessing = 0;
		};
/* End PBXSourcesBuildPhase section */

/* Begin PBXVariantGroup section */
		E1301D4F2AC86C0200FB6368 /* LaunchScreen.storyboard */ = {
			isa = PBXVariantGroup;
			children = (
				E1301D502AC86C0200FB6368 /* Base */,
			);
			name = LaunchScreen.storyboard;
			sourceTree = "<group>";
		};
/* End PBXVariantGroup section */

/* Begin XCBuildConfiguration section */
		E1301D532AC86C0200FB6368 /* Debug */ = {
			isa = XCBuildConfiguration;
			buildSettings = {
				ALWAYS_SEARCH_USER_PATHS = NO;
				ASSETCATALOG_COMPILER_GENERATE_SWIFT_ASSET_SYMBOL_EXTENSIONS = YES;
				CLANG_ANALYZER_NONNULL = YES;
				CLANG_ANALYZER_NUMBER_OBJECT_CONVERSION = YES_AGGRESSIVE;
				CLANG_CXX_LANGUAGE_STANDARD = "gnu++20";
				CLANG_ENABLE_MODULES = YES;
				CLANG_ENABLE_OBJC_ARC = YES;
				CLANG_ENABLE_OBJC_WEAK = YES;
				CLANG_WARN_BLOCK_CAPTURE_AUTORELEASING = YES;
				CLANG_WARN_BOOL_CONVERSION = YES;
				CLANG_WARN_COMMA = YES;
				CLANG_WARN_CONSTANT_CONVERSION = YES;
				CLANG_WARN_DEPRECATED_OBJC_IMPLEMENTATIONS = YES;
				CLANG_WARN_DIRECT_OBJC_ISA_USAGE = YES_ERROR;
				CLANG_WARN_DOCUMENTATION_COMMENTS = YES;
				CLANG_WARN_EMPTY_BODY = YES;
				CLANG_WARN_ENUM_CONVERSION = YES;
				CLANG_WARN_INFINITE_RECURSION = YES;
				CLANG_WARN_INT_CONVERSION = YES;
				CLANG_WARN_NON_LITERAL_NULL_CONVERSION = YES;
				CLANG_WARN_OBJC_IMPLICIT_RETAIN_SELF = YES;
				CLANG_WARN_OBJC_LITERAL_CONVERSION = YES;
				CLANG_WARN_OBJC_ROOT_CLASS = YES_ERROR;
				CLANG_WARN_QUOTED_INCLUDE_IN_FRAMEWORK_HEADER = YES;
				CLANG_WARN_RANGE_LOOP_ANALYSIS = YES;
				CLANG_WARN_STRICT_PROTOTYPES = YES;
				CLANG_WARN_SUSPICIOUS_MOVE = YES;
				CLANG_WARN_UNGUARDED_AVAILABILITY = YES_AGGRESSIVE;
				CLANG_WARN_UNREACHABLE_CODE = YES;
				CLANG_WARN__DUPLICATE_METHOD_MATCH = YES;
				COPY_PHASE_STRIP = NO;
				DEBUG_INFORMATION_FORMAT = dwarf;
				ENABLE_STRICT_OBJC_MSGSEND = YES;
				ENABLE_TESTABILITY = YES;
				ENABLE_USER_SCRIPT_SANDBOXING = YES;
				GCC_C_LANGUAGE_STANDARD = gnu17;
				GCC_DYNAMIC_NO_PIC = NO;
				GCC_NO_COMMON_BLOCKS = YES;
				GCC_OPTIMIZATION_LEVEL = 0;
				GCC_PREPROCESSOR_DEFINITIONS = (
					"DEBUG=1",
					"$(inherited)",
				);
				GCC_WARN_64_TO_32_BIT_CONVERSION = YES;
				GCC_WARN_ABOUT_RETURN_TYPE = YES_ERROR;
				GCC_WARN_UNDECLARED_SELECTOR = YES;
				GCC_WARN_UNINITIALIZED_AUTOS = YES_AGGRESSIVE;
				GCC_WARN_UNUSED_FUNCTION = YES;
				GCC_WARN_UNUSED_VARIABLE = YES;
				IPHONEOS_DEPLOYMENT_TARGET = 17.0;
				LOCALIZATION_PREFERS_STRING_CATALOGS = YES;
				MTL_ENABLE_DEBUG_INFO = INCLUDE_SOURCE;
				MTL_FAST_MATH = YES;
				ONLY_ACTIVE_ARCH = YES;
				SDKROOT = iphoneos;
				SWIFT_ACTIVE_COMPILATION_CONDITIONS = "DEBUG $(inherited)";
				SWIFT_OPTIMIZATION_LEVEL = "-Onone";
			};
			name = Debug;
		};
		E1301D542AC86C0200FB6368 /* Release */ = {
			isa = XCBuildConfiguration;
			buildSettings = {
				ALWAYS_SEARCH_USER_PATHS = NO;
				ASSETCATALOG_COMPILER_GENERATE_SWIFT_ASSET_SYMBOL_EXTENSIONS = YES;
				CLANG_ANALYZER_NONNULL = YES;
				CLANG_ANALYZER_NUMBER_OBJECT_CONVERSION = YES_AGGRESSIVE;
				CLANG_CXX_LANGUAGE_STANDARD = "gnu++20";
				CLANG_ENABLE_MODULES = YES;
				CLANG_ENABLE_OBJC_ARC = YES;
				CLANG_ENABLE_OBJC_WEAK = YES;
				CLANG_WARN_BLOCK_CAPTURE_AUTORELEASING = YES;
				CLANG_WARN_BOOL_CONVERSION = YES;
				CLANG_WARN_COMMA = YES;
				CLANG_WARN_CONSTANT_CONVERSION = YES;
				CLANG_WARN_DEPRECATED_OBJC_IMPLEMENTATIONS = YES;
				CLANG_WARN_DIRECT_OBJC_ISA_USAGE = YES_ERROR;
				CLANG_WARN_DOCUMENTATION_COMMENTS = YES;
				CLANG_WARN_EMPTY_BODY = YES;
				CLANG_WARN_ENUM_CONVERSION = YES;
				CLANG_WARN_INFINITE_RECURSION = YES;
				CLANG_WARN_INT_CONVERSION = YES;
				CLANG_WARN_NON_LITERAL_NULL_CONVERSION = YES;
				CLANG_WARN_OBJC_IMPLICIT_RETAIN_SELF = YES;
				CLANG_WARN_OBJC_LITERAL_CONVERSION = YES;
				CLANG_WARN_OBJC_ROOT_CLASS = YES_ERROR;
				CLANG_WARN_QUOTED_INCLUDE_IN_FRAMEWORK_HEADER = YES;
				CLANG_WARN_RANGE_LOOP_ANALYSIS = YES;
				CLANG_WARN_STRICT_PROTOTYPES = YES;
				CLANG_WARN_SUSPICIOUS_MOVE = YES;
				CLANG_WARN_UNGUARDED_AVAILABILITY = YES_AGGRESSIVE;
				CLANG_WARN_UNREACHABLE_CODE = YES;
				CLANG_WARN__DUPLICATE_METHOD_MATCH = YES;
				COPY_PHASE_STRIP = NO;
				DEBUG_INFORMATION_FORMAT = "dwarf-with-dsym";
				ENABLE_NS_ASSERTIONS = NO;
				ENABLE_STRICT_OBJC_MSGSEND = YES;
				ENABLE_USER_SCRIPT_SANDBOXING = YES;
				GCC_C_LANGUAGE_STANDARD = gnu17;
				GCC_NO_COMMON_BLOCKS = YES;
				GCC_WARN_64_TO_32_BIT_CONVERSION = YES;
				GCC_WARN_ABOUT_RETURN_TYPE = YES_ERROR;
				GCC_WARN_UNDECLARED_SELECTOR = YES;
				GCC_WARN_UNINITIALIZED_AUTOS = YES_AGGRESSIVE;
				GCC_WARN_UNUSED_FUNCTION = YES;
				GCC_WARN_UNUSED_VARIABLE = YES;
				IPHONEOS_DEPLOYMENT_TARGET = 17.0;
				LOCALIZATION_PREFERS_STRING_CATALOGS = YES;
				MTL_ENABLE_DEBUG_INFO = NO;
				MTL_FAST_MATH = YES;
				SDKROOT = iphoneos;
				SWIFT_COMPILATION_MODE = wholemodule;
				VALIDATE_PRODUCT = YES;
			};
			name = Release;
		};
		E1301D562AC86C0200FB6368 /* Debug */ = {
			isa = XCBuildConfiguration;
			buildSettings = {
				ASSETCATALOG_COMPILER_APPICON_NAME = AppIcon;
				ASSETCATALOG_COMPILER_GLOBAL_ACCENT_COLOR_NAME = AccentColor;
				CODE_SIGN_STYLE = Automatic;
				CURRENT_PROJECT_VERSION = 1;
				DEVELOPMENT_TEAM = 5U3H44JGNP;
				GENERATE_INFOPLIST_FILE = YES;
				INFOPLIST_FILE = CoinTrack/Info.plist;
				INFOPLIST_KEY_UIApplicationSupportsIndirectInputEvents = YES;
				INFOPLIST_KEY_UILaunchStoryboardName = LaunchScreen;
				INFOPLIST_KEY_UISupportedInterfaceOrientations = UIInterfaceOrientationPortrait;
				INFOPLIST_KEY_UISupportedInterfaceOrientations_iPad = "UIInterfaceOrientationLandscapeLeft UIInterfaceOrientationLandscapeRight UIInterfaceOrientationPortrait UIInterfaceOrientationPortraitUpsideDown";
				IPHONEOS_DEPLOYMENT_TARGET = 14.0;
				LD_RUNPATH_SEARCH_PATHS = (
					"$(inherited)",
					"@executable_path/Frameworks",
				);
				MARKETING_VERSION = 1.0;
				PRODUCT_BUNDLE_IDENTIFIER = com.altankoray.CoinTrack;
				PRODUCT_NAME = "$(TARGET_NAME)";
				SUPPORTED_PLATFORMS = "iphoneos iphonesimulator";
				SUPPORTS_MACCATALYST = NO;
				SUPPORTS_MAC_DESIGNED_FOR_IPHONE_IPAD = NO;
				SWIFT_EMIT_LOC_STRINGS = YES;
				SWIFT_VERSION = 5.0;
				TARGETED_DEVICE_FAMILY = 1;
			};
			name = Debug;
		};
		E1301D572AC86C0200FB6368 /* Release */ = {
			isa = XCBuildConfiguration;
			buildSettings = {
				ASSETCATALOG_COMPILER_APPICON_NAME = AppIcon;
				ASSETCATALOG_COMPILER_GLOBAL_ACCENT_COLOR_NAME = AccentColor;
				CODE_SIGN_STYLE = Automatic;
				CURRENT_PROJECT_VERSION = 1;
				DEVELOPMENT_TEAM = 5U3H44JGNP;
				GENERATE_INFOPLIST_FILE = YES;
				INFOPLIST_FILE = CoinTrack/Info.plist;
				INFOPLIST_KEY_UIApplicationSupportsIndirectInputEvents = YES;
				INFOPLIST_KEY_UILaunchStoryboardName = LaunchScreen;
				INFOPLIST_KEY_UISupportedInterfaceOrientations = UIInterfaceOrientationPortrait;
				INFOPLIST_KEY_UISupportedInterfaceOrientations_iPad = "UIInterfaceOrientationLandscapeLeft UIInterfaceOrientationLandscapeRight UIInterfaceOrientationPortrait UIInterfaceOrientationPortraitUpsideDown";
				IPHONEOS_DEPLOYMENT_TARGET = 14.0;
				LD_RUNPATH_SEARCH_PATHS = (
					"$(inherited)",
					"@executable_path/Frameworks",
				);
				MARKETING_VERSION = 1.0;
				PRODUCT_BUNDLE_IDENTIFIER = com.altankoray.CoinTrack;
				PRODUCT_NAME = "$(TARGET_NAME)";
				SUPPORTED_PLATFORMS = "iphoneos iphonesimulator";
				SUPPORTS_MACCATALYST = NO;
				SUPPORTS_MAC_DESIGNED_FOR_IPHONE_IPAD = NO;
				SWIFT_EMIT_LOC_STRINGS = YES;
				SWIFT_VERSION = 5.0;
				TARGETED_DEVICE_FAMILY = 1;
			};
			name = Release;
		};
/* End XCBuildConfiguration section */

/* Begin XCConfigurationList section */
		E1301D3C2AC86BFF00FB6368 /* Build configuration list for PBXProject "CoinTrack" */ = {
			isa = XCConfigurationList;
			buildConfigurations = (
				E1301D532AC86C0200FB6368 /* Debug */,
				E1301D542AC86C0200FB6368 /* Release */,
			);
			defaultConfigurationIsVisible = 0;
			defaultConfigurationName = Release;
		};
		E1301D552AC86C0200FB6368 /* Build configuration list for PBXNativeTarget "CoinTrack" */ = {
			isa = XCConfigurationList;
			buildConfigurations = (
				E1301D562AC86C0200FB6368 /* Debug */,
				E1301D572AC86C0200FB6368 /* Release */,
			);
			defaultConfigurationIsVisible = 0;
			defaultConfigurationName = Release;
		};
/* End XCConfigurationList section */

/* Begin XCRemoteSwiftPackageReference section */
		E1ECA3B82ACCAA40003E261D /* XCRemoteSwiftPackageReference "SDWebImage" */ = {
			isa = XCRemoteSwiftPackageReference;
			repositoryURL = "https://github.com/SDWebImage/SDWebImage.git";
			requirement = {
				kind = upToNextMajorVersion;
				minimumVersion = 5.18.2;
			};
		};
/* End XCRemoteSwiftPackageReference section */

/* Begin XCSwiftPackageProductDependency section */
		E1ECA3B92ACCAA40003E261D /* SDWebImage */ = {
			isa = XCSwiftPackageProductDependency;
			package = E1ECA3B82ACCAA40003E261D /* XCRemoteSwiftPackageReference "SDWebImage" */;
			productName = SDWebImage;
		};
		E1ECA3BB2ACCAA40003E261D /* SDWebImageMapKit */ = {
			isa = XCSwiftPackageProductDependency;
			package = E1ECA3B82ACCAA40003E261D /* XCRemoteSwiftPackageReference "SDWebImage" */;
			productName = SDWebImageMapKit;
		};
/* End XCSwiftPackageProductDependency section */
	};
	rootObject = E1301D392AC86BFF00FB6368 /* Project object */;
}
